<?xml version="1.0" encoding="utf-8"?>
<Project ToolsVersion="4.0" xmlns="http://schemas.microsoft.com/developer/msbuild/2003">
  <ItemGroup>
    <Filter Include="Source Files">
      <UniqueIdentifier>{4FC737F1-C7A5-4376-A066-2A32D752A2FF}</UniqueIdentifier>
      <Extensions>cpp;c;cc;cxx;def;odl;idl;hpj;bat;asm;asmx</Extensions>
    </Filter>
    <Filter Include="Header Files">
      <UniqueIdentifier>{93995380-89BD-4b04-88EB-625FBE52EBFB}</UniqueIdentifier>
      <Extensions>h;hh;hpp;hxx;hm;inl;inc;xsd</Extensions>
    </Filter>
    <Filter Include="Resource Files">
      <UniqueIdentifier>{67DA6AB6-F800-4c08-8B7A-83BB121AAD01}</UniqueIdentifier>
      <Extensions>rc;ico;cur;bmp;dlg;rc2;rct;bin;rgs;gif;jpg;jpeg;jpe;resx;tiff;tif;png;wav;mfcribbon-ms</Extensions>
    </Filter>
    <Filter Include="Source Files\Controls">
      <UniqueIdentifier>{72ae7ebe-e5a5-4625-aaa4-be9478e98f14}</UniqueIdentifier>
    </Filter>
    <Filter Include="Source Files\Engines">
      <UniqueIdentifier>{63b4f41a-24d0-4949-8769-f3636254a067}</UniqueIdentifier>
    </Filter>
    <Filter Include="Header Files\Controls">
      <UniqueIdentifier>{8140b4b5-6241-480e-a6ad-54cebcb1a590}</UniqueIdentifier>
    </Filter>
    <Filter Include="Header Files\Engines">
      <UniqueIdentifier>{14a420f2-e64d-48dd-9a1f-80fcbf40ff34}</UniqueIdentifier>
    </Filter>
  </ItemGroup>
  <ItemGroup>
    <ClCompile Include="main.cpp">
      <Filter>Source Files</Filter>
    </ClCompile>
    <ClCompile Include="AbstractBox.cpp">
      <Filter>Source Files\Controls</Filter>
    </ClCompile>
    <ClCompile Include="Button.cpp">
      <Filter>Source Files\Controls</Filter>
    </ClCompile>
    <ClCompile Include="CheckList.cpp">
      <Filter>Source Files\Controls</Filter>
    </ClCompile>
    <ClCompile Include="ComboBox.cpp">
      <Filter>Source Files\Controls</Filter>
    </ClCompile>
    <ClCompile Include="Label.cpp">
      <Filter>Source Files\Controls</Filter>
    </ClCompile>
    <ClCompile Include="MessageBox.cpp">
      <Filter>Source Files\Controls</Filter>
    </ClCompile>
    <ClCompile Include="NumericBox.cpp">
      <Filter>Source Files\Controls</Filter>
    </ClCompile>
    <ClCompile Include="Panel.cpp">
      <Filter>Source Files\Controls</Filter>
    </ClCompile>
    <ClCompile Include="RadioBox.cpp">
      <Filter>Source Files\Controls</Filter>
    </ClCompile>
    <ClCompile Include="TextBox.cpp">
      <Filter>Source Files\Controls</Filter>
    </ClCompile>
    <ClCompile Include="Borders.cpp">
      <Filter>Source Files\Engines</Filter>
    </ClCompile>
    <ClCompile Include="Control.cpp">
      <Filter>Source Files\Engines</Filter>
    </ClCompile>
    <ClCompile Include="EventEngine.cpp">
      <Filter>Source Files\Engines</Filter>
    </ClCompile>
    <ClCompile Include="Graphics.cpp">
      <Filter>Source Files\Engines</Filter>
    </ClCompile>
    <ClCompile Include="IControl.cpp">
      <Filter>Source Files\Engines</Filter>
    </ClCompile>
    <ClCompile Include="SimpleBorderFactory.cpp">
      <Filter>Source Files\Engines</Filter>
    </ClCompile>
  </ItemGroup>
  <ItemGroup>
    <ClInclude Include="Defines.h">
      <Filter>Header Files</Filter>
    </ClInclude>
    <ClInclude Include="AbstractBox.h">
      <Filter>Header Files\Controls</Filter>
    </ClInclude>
    <ClInclude Include="Button.h">
      <Filter>Header Files\Controls</Filter>
    </ClInclude>
    <ClInclude Include="CheckList.h">
      <Filter>Header Files\Controls</Filter>
    </ClInclude>
    <ClInclude Include="ComboBox.h">
      <Filter>Header Files\Controls</Filter>
    </ClInclude>
    <ClInclude Include="Label.h">
      <Filter>Header Files\Controls</Filter>
    </ClInclude>
    <ClInclude Include="MessageBox.h">
      <Filter>Header Files\Controls</Filter>
    </ClInclude>
    <ClInclude Include="NumericBox.h">
      <Filter>Header Files\Controls</Filter>
    </ClInclude>
    <ClInclude Include="Panel.h">
      <Filter>Header Files\Controls</Filter>
    </ClInclude>
    <ClInclude Include="RadioBox.h">
      <Filter>Header Files\Controls</Filter>
    </ClInclude>
    <ClInclude Include="TextBox.h">
      <Filter>Header Files\Controls</Filter>
    </ClInclude>
    <ClInclude Include="Borders.h">
      <Filter>Header Files\Engines</Filter>
    </ClInclude>
    <ClInclude Include="Control.h">
      <Filter>Header Files\Engines</Filter>
    </ClInclude>
    <ClInclude Include="EventEngine.h">
      <Filter>Header Files\Engines</Filter>
    </ClInclude>
    <ClInclude Include="Graphics.h">
      <Filter>Header Files\Engines</Filter>
    </ClInclude>
    <ClInclude Include="IControl.h">
      <Filter>Header Files\Engines</Filter>
    </ClInclude>
    <ClInclude Include="SimpleBorderFactory.h">
      <Filter>Header Files\Engines</Filter>
    </ClInclude>
    <ClInclude Include="MeathodsExceptions.h">
      <Filter>Header Files\Engines</Filter>
    </ClInclude>
  </ItemGroup>
</Project>